
Microsoft Visual Studio Solution File, Format Version 12.00
# Visual Studio Version 17
VisualStudioVersion = 17.14.37012.4 d17.14
MinimumVisualStudioVersion = 10.0.40219.1
Project("{FAE04EC0-301F-11D3-BF4B-00C04F79EFBC}") = "rh-management-backend", "rh-management-backend.csproj", "{6DD002C1-533C-1340-F2FF-5BE30CA3CADC}"
EndProject
Global
	GlobalSection(SolutionConfigurationPlatforms) = preSolution
		Debug|Any CPU = Debug|Any CPU
		Release|Any CPU = Release|Any CPU
	EndGlobalSection
	GlobalSection(ProjectConfigurationPlatforms) = postSolution
		{6DD002C1-533C-1340-F2FF-5BE30CA3CADC}.Debug|Any CPU.ActiveCfg = Debug|Any CPU
		{6DD002C1-533C-1340-F2FF-5BE30CA3CADC}.Debug|Any CPU.Build.0 = Debug|Any CPU
		{6DD002C1-533C-1340-F2FF-5BE30CA3CADC}.Release|Any CPU.ActiveCfg = Release|Any CPU
		{6DD002C1-533C-1340-F2FF-5BE30CA3CADC}.Release|Any CPU.Build.0 = Release|Any CPU
	EndGlobalSection
	GlobalSection(SolutionProperties) = preSolution
		HideSolutionNode = FALSE
	EndGlobalSection
	GlobalSection(ExtensibilityGlobals) = postSolution
		SolutionGuid = {90C9251C-A938-40BD-B7E3-4D1B92D00359}
	EndGlobalSection
EndGlobal
